
Microsoft Visual Studio Solution File, Format Version 12.00
# Visual Studio Version 17
VisualStudioVersion = 17.0.31919.166
MinimumVisualStudioVersion = 10.0.40219.1
Project("{9A19103F-16F7-4668-BE54-9A1E7A4F7556}") = "RapidPayApi", "RapidPayApi\RapidPayApi.csproj", "{A2189F14-EBBC-461C-A618-878EF1D36899}"
EndProject
Global
	GlobalSection(SolutionConfigurationPlatforms) = preSolution
		Debug|Any CPU = Debug|Any CPU
		Release|Any CPU = Release|Any CPU
	EndGlobalSection
	GlobalSection(ProjectConfigurationPlatforms) = postSolution
		{A2189F14-EBBC-461C-A618-878EF1D36899}.Debug|Any CPU.ActiveCfg = Debug|Any CPU
		{A2189F14-EBBC-461C-A618-878EF1D36899}.Debug|Any CPU.Build.0 = Debug|Any CPU
		{A2189F14-EBBC-461C-A618-878EF1D36899}.Release|Any CPU.ActiveCfg = Release|Any CPU
		{A2189F14-EBBC-461C-A618-878EF1D36899}.Release|Any CPU.Build.0 = Release|Any CPU
	EndGlobalSection
	GlobalSection(SolutionProperties) = preSolution
		HideSolutionNode = FALSE
	EndGlobalSection
	GlobalSection(ExtensibilityGlobals) = postSolution
		SolutionGuid = {FDF32A29-C3E6-4883-A559-D392C2B68C81}
	EndGlobalSection
EndGlobal
